{
	"requires": true,
	"lockfileVersion": 1,
	"dependencies": {
		"@creditkarma/graphql-loader": {
			"version": "0.7.0",
			"resolved": "https://registry.npmjs.org/@creditkarma/graphql-loader/-/graphql-loader-0.7.0.tgz",
			"integrity": "sha512-SW2gZVvATcjnDb067qoWclQsOorM/4PmnTJtr58+MmVaRTySEwcyDWg+jDgzjXBZGU1oTFrY0LltZKAzKY4LDg==",
			"requires": {
				"deepmerge": "2.0.1",
				"glob": "7.1.2",
				"graphql": "0.11.7",
				"graphql-tools": "2.18.0"
			}
		},
		"@types/zen-observable": {
			"version": "0.5.3",
			"resolved": "https://registry.npmjs.org/@types/zen-observable/-/zen-observable-0.5.3.tgz",
			"integrity": "sha512-aDvGDAHcVfUqNmd8q4//cHAP+HGxsbChbBbuk3+kMVk5TTxfWLpQWvVN3+UPjohLnwMYN7jr6BWNn2cYNqdm7g=="
		},
		"apollo-link": {
			"version": "1.0.7",
			"resolved": "https://registry.npmjs.org/apollo-link/-/apollo-link-1.0.7.tgz",
			"integrity": "sha512-oHzvpIDEy4UCNdbOw42wtOK1zOzdMrt4ulYyon24zT24MjicezTmXqJh2mR6whTl8RiUDLDY4ByusdKKXdcqHw==",
			"requires": {
				"@types/zen-observable": "0.5.3",
				"apollo-utilities": "1.0.4",
				"zen-observable": "0.6.1"
			}
		},
		"apollo-utilities": {
			"version": "1.0.4",
			"resolved": "https://registry.npmjs.org/apollo-utilities/-/apollo-utilities-1.0.4.tgz",
			"integrity": "sha512-QnxSxRuJLCpa91P2Tzi3PCdpPydpBEawsHedr/hW7QrgOpn1fOicxgVrzhxt/au9rXSopwyDTBsGa7wEvz+DQQ=="
		},
		"balanced-match": {
			"version": "1.0.0",
			"resolved": "https://registry.npmjs.org/balanced-match/-/balanced-match-1.0.0.tgz",
			"integrity": "sha1-ibTRmasr7kneFk6gK4nORi1xt2c="
		},
		"brace-expansion": {
			"version": "1.1.8",
			"resolved": "https://registry.npmjs.org/brace-expansion/-/brace-expansion-1.1.8.tgz",
			"integrity": "sha1-wHshHHyVLsH479Uad+8NHTmQopI=",
			"requires": {
				"balanced-match": "1.0.0",
				"concat-map": "0.0.1"
			}
		},
		"concat-map": {
			"version": "0.0.1",
			"resolved": "https://registry.npmjs.org/concat-map/-/concat-map-0.0.1.tgz",
			"integrity": "sha1-2Klr13/Wjfd5OnMDajug1UBdR3s="
		},
		"deepmerge": {
			"version": "2.0.1",
			"resolved": "https://registry.npmjs.org/deepmerge/-/deepmerge-2.0.1.tgz",
			"integrity": "sha512-VIPwiMJqJ13ZQfaCsIFnp5Me9tnjURiaIFxfz7EH0Ci0dTSQpZtSLrqOicXqEd/z2r+z+Klk9GzmnRsgpgbOsQ=="
		},
		"deprecated-decorator": {
			"version": "0.1.6",
			"resolved": "https://registry.npmjs.org/deprecated-decorator/-/deprecated-decorator-0.1.6.tgz",
			"integrity": "sha1-AJZjF7ehL+kvPMgx91g68ym4bDc="
		},
		"es6-promise": {
			"version": "4.2.2",
			"resolved": "https://registry.npmjs.org/es6-promise/-/es6-promise-4.2.2.tgz",
			"integrity": "sha512-LSas5vsuA6Q4nEdf9wokY5/AJYXry98i0IzXsv49rYsgDGDNDPbqAYR1Pe23iFxygfbGZNR/5VrHXBCh2BhvUQ=="
		},
		"fs.realpath": {
			"version": "1.0.0",
			"resolved": "https://registry.npmjs.org/fs.realpath/-/fs.realpath-1.0.0.tgz",
			"integrity": "sha1-FQStJSMVjKpA20onh8sBQRmU6k8="
		},
		"glob": {
			"version": "7.1.2",
			"resolved": "https://registry.npmjs.org/glob/-/glob-7.1.2.tgz",
			"integrity": "sha512-MJTUg1kjuLeQCJ+ccE4Vpa6kKVXkPYJ2mOCQyUuKLcLQsdrMCpBPUi8qVE6+YuaJkozeA9NusTAw3hLr8Xe5EQ==",
			"requires": {
				"fs.realpath": "1.0.0",
				"inflight": "1.0.6",
				"inherits": "2.0.3",
				"minimatch": "3.0.4",
				"once": "1.4.0",
				"path-is-absolute": "1.0.1"
			}
		},
		"graphql": {
			"version": "0.11.7",
			"resolved": "https://registry.npmjs.org/graphql/-/graphql-0.11.7.tgz",
			"integrity": "sha512-x7uDjyz8Jx+QPbpCFCMQ8lltnQa4p4vSYHx6ADe8rVYRTdsyhCJbvSty5DAsLVmU6cGakl+r8HQYolKHxk/tiw==",
			"requires": {
				"iterall": "1.1.3"
			}
		},
		"graphql-subscriptions": {
			"version": "0.5.6",
			"resolved": "https://registry.npmjs.org/graphql-subscriptions/-/graphql-subscriptions-0.5.6.tgz",
			"integrity": "sha512-LQW9cg0/L/yBMEJFsQwKhDCJifPGh8oWZz29Tzq4DVEwwS65O0Om0YGB1FbK/hP9/lINdEk91khHAKJv3OLGxQ==",
			"requires": {
				"es6-promise": "4.2.2",
				"iterall": "1.1.3"
			}
		},
		"graphql-tools": {
			"version": "2.18.0",
			"resolved": "https://registry.npmjs.org/graphql-tools/-/graphql-tools-2.18.0.tgz",
			"integrity": "sha512-cMvxhPG5R4dv287BMBCRY8mXbkaqcDK3GYMGIpRK6FLZ+KBoOInjT7HYcQkW21C4Khfl702Ktbb0wormAuHHRA==",
			"requires": {
				"apollo-link": "1.0.7",
				"apollo-utilities": "1.0.4",
				"deprecated-decorator": "0.1.6",
				"graphql-subscriptions": "0.5.6",
				"uuid": "3.1.0"
			}
		},
		"inflight": {
			"version": "1.0.6",
			"resolved": "https://registry.npmjs.org/inflight/-/inflight-1.0.6.tgz",
			"integrity": "sha1-Sb1jMdfQLQwJvJEKEHW6gWW1bfk=",
			"requires": {
				"once": "1.4.0",
				"wrappy": "1.0.2"
			}
		},
		"inherits": {
			"version": "2.0.3",
			"resolved": "https://registry.npmjs.org/inherits/-/inherits-2.0.3.tgz",
			"integrity": "sha1-Yzwsg+PaQqUC9SRmAiSA9CCCYd4="
		},
		"iterall": {
			"version": "1.1.3",
			"resolved": "https://registry.npmjs.org/iterall/-/iterall-1.1.3.tgz",
			"integrity": "sha512-Cu/kb+4HiNSejAPhSaN1VukdNTTi/r4/e+yykqjlG/IW+1gZH5b4+Bq3whDX4tvbYugta3r8KTMUiqT3fIGxuQ=="
		},
		"minimatch": {
			"version": "3.0.4",
			"resolved": "https://registry.npmjs.org/minimatch/-/minimatch-3.0.4.tgz",
			"integrity": "sha512-yJHVQEhyqPLUTgt9B83PXu6W3rx4MvvHvSUvToogpwoGDOUQ+yDrR0HRot+yOCdCO7u4hX3pWft6kWBBcqh0UA==",
			"requires": {
				"brace-expansion": "1.1.8"
			}
		},
		"once": {
			"version": "1.4.0",
			"resolved": "https://registry.npmjs.org/once/-/once-1.4.0.tgz",
			"integrity": "sha1-WDsap3WWHUsROsF9nFC6753Xa9E=",
			"requires": {
				"wrappy": "1.0.2"
			}
		},
		"path-is-absolute": {
			"version": "1.0.1",
			"resolved": "https://registry.npmjs.org/path-is-absolute/-/path-is-absolute-1.0.1.tgz",
			"integrity": "sha1-F0uSaHNVNP+8es5r9TpanhtcX18="
		},
		"uuid": {
			"version": "3.1.0",
			"resolved": "https://registry.npmjs.org/uuid/-/uuid-3.1.0.tgz",
			"integrity": "sha512-DIWtzUkw04M4k3bf1IcpS2tngXEL26YUD2M0tMDUpnUrz2hgzUBlD55a4FjdLGPvfHxS6uluGWvaVEqgBcVa+g=="
		},
		"wrappy": {
			"version": "1.0.2",
			"resolved": "https://registry.npmjs.org/wrappy/-/wrappy-1.0.2.tgz",
			"integrity": "sha1-tSQ9jz7BqjXxNkYFvA0QNuMKtp8="
		},
		"zen-observable": {
			"version": "0.6.1",
			"resolved": "https://registry.npmjs.org/zen-observable/-/zen-observable-0.6.1.tgz",
			"integrity": "sha512-DKjFTL7siVLIUMZOFZ0alqMEdTsXPUxoCZzrvB2tdWEVN/6606Qh1nCfSTCAOZMrtcPzzFI3BXmwBKLAew52NA=="
		}
	}
}
